
Microsoft Visual Studio Solution File, Format Version 12.00
# Visual Studio Version 16
VisualStudioVersion = 16.0.31402.337
MinimumVisualStudioVersion = 10.0.40219.1
Project("{FAE04EC0-301F-11D3-BF4B-00C04F79EFBC}") = "Session4", "Session4.csproj", "{6E27938C-CD95-4854-B370-76B02B94E94C}"
EndProject
Global
	GlobalSection(SolutionConfigurationPlatforms) = preSolution
		Debug|Any CPU = Debug|Any CPU
		Release|Any CPU = Release|Any CPU
	EndGlobalSection
	GlobalSection(ProjectConfigurationPlatforms) = postSolution
		{6E27938C-CD95-4854-B370-76B02B94E94C}.Debug|Any CPU.ActiveCfg = Debug|Any CPU
		{6E27938C-CD95-4854-B370-76B02B94E94C}.Debug|Any CPU.Build.0 = Debug|Any CPU
		{6E27938C-CD95-4854-B370-76B02B94E94C}.Release|Any CPU.ActiveCfg = Release|Any CPU
		{6E27938C-CD95-4854-B370-76B02B94E94C}.Release|Any CPU.Build.0 = Release|Any CPU
	EndGlobalSection
	GlobalSection(SolutionProperties) = preSolution
		HideSolutionNode = FALSE
	EndGlobalSection
	GlobalSection(ExtensibilityGlobals) = postSolution
		SolutionGuid = {B934275D-E653-4B52-BDE9-6DA736121EB5}
	EndGlobalSection
EndGlobal
