
Microsoft Visual Studio Solution File, Format Version 12.00
# Visual Studio Version 16
VisualStudioVersion = 16.0.31402.337
MinimumVisualStudioVersion = 10.0.40219.1
Project("{FAE04EC0-301F-11D3-BF4B-00C04F79EFBC}") = "PagesOfProject", "PagesOfProject.csproj", "{B66FFD88-5CA2-4CBB-BF22-33338A1871E8}"
EndProject
Global
	GlobalSection(SolutionConfigurationPlatforms) = preSolution
		Debug|Any CPU = Debug|Any CPU
		Release|Any CPU = Release|Any CPU
	EndGlobalSection
	GlobalSection(ProjectConfigurationPlatforms) = postSolution
		{B66FFD88-5CA2-4CBB-BF22-33338A1871E8}.Debug|Any CPU.ActiveCfg = Debug|Any CPU
		{B66FFD88-5CA2-4CBB-BF22-33338A1871E8}.Debug|Any CPU.Build.0 = Debug|Any CPU
		{B66FFD88-5CA2-4CBB-BF22-33338A1871E8}.Release|Any CPU.ActiveCfg = Release|Any CPU
		{B66FFD88-5CA2-4CBB-BF22-33338A1871E8}.Release|Any CPU.Build.0 = Release|Any CPU
	EndGlobalSection
	GlobalSection(SolutionProperties) = preSolution
		HideSolutionNode = FALSE
	EndGlobalSection
	GlobalSection(ExtensibilityGlobals) = postSolution
		SolutionGuid = {56BB13C1-EE0A-4C9A-8622-6EB4DDA5FD72}
	EndGlobalSection
EndGlobal
