
Microsoft Visual Studio Solution File, Format Version 12.00
# Visual Studio Version 16
VisualStudioVersion = 16.0.31402.337
MinimumVisualStudioVersion = 10.0.40219.1
Project("{FAE04EC0-301F-11D3-BF4B-00C04F79EFBC}") = "WindowsFormsApp34", "WindowsFormsApp34.csproj", "{9B040F80-0A5A-4041-A9CE-DDB0A844FD30}"
EndProject
Global
	GlobalSection(SolutionConfigurationPlatforms) = preSolution
		Debug|Any CPU = Debug|Any CPU
		Release|Any CPU = Release|Any CPU
	EndGlobalSection
	GlobalSection(ProjectConfigurationPlatforms) = postSolution
		{9B040F80-0A5A-4041-A9CE-DDB0A844FD30}.Debug|Any CPU.ActiveCfg = Debug|Any CPU
		{9B040F80-0A5A-4041-A9CE-DDB0A844FD30}.Debug|Any CPU.Build.0 = Debug|Any CPU
		{9B040F80-0A5A-4041-A9CE-DDB0A844FD30}.Release|Any CPU.ActiveCfg = Release|Any CPU
		{9B040F80-0A5A-4041-A9CE-DDB0A844FD30}.Release|Any CPU.Build.0 = Release|Any CPU
	EndGlobalSection
	GlobalSection(SolutionProperties) = preSolution
		HideSolutionNode = FALSE
	EndGlobalSection
	GlobalSection(ExtensibilityGlobals) = postSolution
		SolutionGuid = {46316D92-CBE3-4BAD-A0C9-700B074C65EB}
	EndGlobalSection
EndGlobal
